
Microsoft Visual Studio Solution File, Format Version 12.00
# Visual Studio Version 16
VisualStudioVersion = 16.0.29613.14
MinimumVisualStudioVersion = 10.0.40219.1
Project("{9A19103F-16F7-4668-BE54-9A1E7A4F7556}") = "BankApp.Api", "BankApp.Api\BankApp.Api.csproj", "{FCA68727-7F03-4D5E-A900-16653E36A275}"
EndProject
Project("{9A19103F-16F7-4668-BE54-9A1E7A4F7556}") = "BankApp.WcfClient", "BankApp.WcfClient\BankApp.WcfClient.csproj", "{E3826ECB-B3E7-41B7-B2DE-4198F6B68D69}"
EndProject
Project("{9A19103F-16F7-4668-BE54-9A1E7A4F7556}") = "BankApp.Api.DI", "BankApp.Api.DI\BankApp.Api.DI.csproj", "{5DB5BC87-A3D0-44CB-A80F-2552A10DA321}"
EndProject
Project("{9A19103F-16F7-4668-BE54-9A1E7A4F7556}") = "BankApp.Application", "BankApp.Application\BankApp.Application.csproj", "{4C94F8D6-1468-45ED-87A9-BB810B28A85D}"
EndProject
Project("{9A19103F-16F7-4668-BE54-9A1E7A4F7556}") = "BankApp.ContentApi", "BankApp.ContentApi\BankApp.ContentApi.csproj", "{C9554AF1-A6C7-4C8A-8E1C-7E9C3831A675}"
EndProject
Project("{9092AA53-FB77-4645-B42D-1CCCA6BD08BD}") = "BankApp.WebClient", "BankApp.WebClient\BankApp.WebClient.njsproj", "{860D263D-7650-4867-85C8-6EC5A3945864}"
EndProject
Project("{9A19103F-16F7-4668-BE54-9A1E7A4F7556}") = "BankApp.WebTests", "BankApp.WebTests\BankApp.WebTests.csproj", "{5CFC3020-B03B-40E7-B23C-5C91E36A0EF5}"
EndProject
Project("{FAE04EC0-301F-11D3-BF4B-00C04F79EFBC}") = "BankApp.Mobile.Client.Android", "BankApp.Mobile.Client\BankApp.Mobile.Client.Android\BankApp.Mobile.Client.Android.csproj", "{E4699A14-7F01-4BA7-B25A-5CF2B78600F3}"
EndProject
Project("{FAE04EC0-301F-11D3-BF4B-00C04F79EFBC}") = "BankApp.Mobile.Client.iOS", "BankApp.Mobile.Client\BankApp.Mobile.Client.iOS\BankApp.Mobile.Client.iOS.csproj", "{730B775A-71DF-4284-8AF9-D2E559F3285E}"
EndProject
Project("{FAE04EC0-301F-11D3-BF4B-00C04F79EFBC}") = "BankApp.Mobile.Client", "BankApp.Mobile.Client\BankApp.Mobile.Client\BankApp.Mobile.Client.csproj", "{52125312-F884-4930-A808-974CC029DE20}"
EndProject
Global
	GlobalSection(SolutionConfigurationPlatforms) = preSolution
		Debug|Any CPU = Debug|Any CPU
		Debug|iPhone = Debug|iPhone
		Debug|iPhoneSimulator = Debug|iPhoneSimulator
		Release|Any CPU = Release|Any CPU
		Release|iPhone = Release|iPhone
		Release|iPhoneSimulator = Release|iPhoneSimulator
	EndGlobalSection
	GlobalSection(ProjectConfigurationPlatforms) = postSolution
		{FCA68727-7F03-4D5E-A900-16653E36A275}.Debug|Any CPU.ActiveCfg = Debug|Any CPU
		{FCA68727-7F03-4D5E-A900-16653E36A275}.Debug|Any CPU.Build.0 = Debug|Any CPU
		{FCA68727-7F03-4D5E-A900-16653E36A275}.Debug|iPhone.ActiveCfg = Debug|Any CPU
		{FCA68727-7F03-4D5E-A900-16653E36A275}.Debug|iPhone.Build.0 = Debug|Any CPU
		{FCA68727-7F03-4D5E-A900-16653E36A275}.Debug|iPhoneSimulator.ActiveCfg = Debug|Any CPU
		{FCA68727-7F03-4D5E-A900-16653E36A275}.Debug|iPhoneSimulator.Build.0 = Debug|Any CPU
		{FCA68727-7F03-4D5E-A900-16653E36A275}.Release|Any CPU.ActiveCfg = Release|Any CPU
		{FCA68727-7F03-4D5E-A900-16653E36A275}.Release|Any CPU.Build.0 = Release|Any CPU
		{FCA68727-7F03-4D5E-A900-16653E36A275}.Release|iPhone.ActiveCfg = Release|Any CPU
		{FCA68727-7F03-4D5E-A900-16653E36A275}.Release|iPhone.Build.0 = Release|Any CPU
		{FCA68727-7F03-4D5E-A900-16653E36A275}.Release|iPhoneSimulator.ActiveCfg = Release|Any CPU
		{FCA68727-7F03-4D5E-A900-16653E36A275}.Release|iPhoneSimulator.Build.0 = Release|Any CPU
		{E3826ECB-B3E7-41B7-B2DE-4198F6B68D69}.Debug|Any CPU.ActiveCfg = Debug|Any CPU
		{E3826ECB-B3E7-41B7-B2DE-4198F6B68D69}.Debug|Any CPU.Build.0 = Debug|Any CPU
		{E3826ECB-B3E7-41B7-B2DE-4198F6B68D69}.Debug|iPhone.ActiveCfg = Debug|Any CPU
		{E3826ECB-B3E7-41B7-B2DE-4198F6B68D69}.Debug|iPhone.Build.0 = Debug|Any CPU
		{E3826ECB-B3E7-41B7-B2DE-4198F6B68D69}.Debug|iPhoneSimulator.ActiveCfg = Debug|Any CPU
		{E3826ECB-B3E7-41B7-B2DE-4198F6B68D69}.Debug|iPhoneSimulator.Build.0 = Debug|Any CPU
		{E3826ECB-B3E7-41B7-B2DE-4198F6B68D69}.Release|Any CPU.ActiveCfg = Release|Any CPU
		{E3826ECB-B3E7-41B7-B2DE-4198F6B68D69}.Release|Any CPU.Build.0 = Release|Any CPU
		{E3826ECB-B3E7-41B7-B2DE-4198F6B68D69}.Release|iPhone.ActiveCfg = Release|Any CPU
		{E3826ECB-B3E7-41B7-B2DE-4198F6B68D69}.Release|iPhone.Build.0 = Release|Any CPU
		{E3826ECB-B3E7-41B7-B2DE-4198F6B68D69}.Release|iPhoneSimulator.ActiveCfg = Release|Any CPU
		{E3826ECB-B3E7-41B7-B2DE-4198F6B68D69}.Release|iPhoneSimulator.Build.0 = Release|Any CPU
		{5DB5BC87-A3D0-44CB-A80F-2552A10DA321}.Debug|Any CPU.ActiveCfg = Debug|Any CPU
		{5DB5BC87-A3D0-44CB-A80F-2552A10DA321}.Debug|Any CPU.Build.0 = Debug|Any CPU
		{5DB5BC87-A3D0-44CB-A80F-2552A10DA321}.Debug|iPhone.ActiveCfg = Debug|Any CPU
		{5DB5BC87-A3D0-44CB-A80F-2552A10DA321}.Debug|iPhone.Build.0 = Debug|Any CPU
		{5DB5BC87-A3D0-44CB-A80F-2552A10DA321}.Debug|iPhoneSimulator.ActiveCfg = Debug|Any CPU
		{5DB5BC87-A3D0-44CB-A80F-2552A10DA321}.Debug|iPhoneSimulator.Build.0 = Debug|Any CPU
		{5DB5BC87-A3D0-44CB-A80F-2552A10DA321}.Release|Any CPU.ActiveCfg = Release|Any CPU
		{5DB5BC87-A3D0-44CB-A80F-2552A10DA321}.Release|Any CPU.Build.0 = Release|Any CPU
		{5DB5BC87-A3D0-44CB-A80F-2552A10DA321}.Release|iPhone.ActiveCfg = Release|Any CPU
		{5DB5BC87-A3D0-44CB-A80F-2552A10DA321}.Release|iPhone.Build.0 = Release|Any CPU
		{5DB5BC87-A3D0-44CB-A80F-2552A10DA321}.Release|iPhoneSimulator.ActiveCfg = Release|Any CPU
		{5DB5BC87-A3D0-44CB-A80F-2552A10DA321}.Release|iPhoneSimulator.Build.0 = Release|Any CPU
		{4C94F8D6-1468-45ED-87A9-BB810B28A85D}.Debug|Any CPU.ActiveCfg = Debug|Any CPU
		{4C94F8D6-1468-45ED-87A9-BB810B28A85D}.Debug|Any CPU.Build.0 = Debug|Any CPU
		{4C94F8D6-1468-45ED-87A9-BB810B28A85D}.Debug|iPhone.ActiveCfg = Debug|Any CPU
		{4C94F8D6-1468-45ED-87A9-BB810B28A85D}.Debug|iPhone.Build.0 = Debug|Any CPU
		{4C94F8D6-1468-45ED-87A9-BB810B28A85D}.Debug|iPhoneSimulator.ActiveCfg = Debug|Any CPU
		{4C94F8D6-1468-45ED-87A9-BB810B28A85D}.Debug|iPhoneSimulator.Build.0 = Debug|Any CPU
		{4C94F8D6-1468-45ED-87A9-BB810B28A85D}.Release|Any CPU.ActiveCfg = Release|Any CPU
		{4C94F8D6-1468-45ED-87A9-BB810B28A85D}.Release|Any CPU.Build.0 = Release|Any CPU
		{4C94F8D6-1468-45ED-87A9-BB810B28A85D}.Release|iPhone.ActiveCfg = Release|Any CPU
		{4C94F8D6-1468-45ED-87A9-BB810B28A85D}.Release|iPhone.Build.0 = Release|Any CPU
		{4C94F8D6-1468-45ED-87A9-BB810B28A85D}.Release|iPhoneSimulator.ActiveCfg = Release|Any CPU
		{4C94F8D6-1468-45ED-87A9-BB810B28A85D}.Release|iPhoneSimulator.Build.0 = Release|Any CPU
		{C9554AF1-A6C7-4C8A-8E1C-7E9C3831A675}.Debug|Any CPU.ActiveCfg = Debug|Any CPU
		{C9554AF1-A6C7-4C8A-8E1C-7E9C3831A675}.Debug|Any CPU.Build.0 = Debug|Any CPU
		{C9554AF1-A6C7-4C8A-8E1C-7E9C3831A675}.Debug|iPhone.ActiveCfg = Debug|Any CPU
		{C9554AF1-A6C7-4C8A-8E1C-7E9C3831A675}.Debug|iPhone.Build.0 = Debug|Any CPU
		{C9554AF1-A6C7-4C8A-8E1C-7E9C3831A675}.Debug|iPhoneSimulator.ActiveCfg = Debug|Any CPU
		{C9554AF1-A6C7-4C8A-8E1C-7E9C3831A675}.Debug|iPhoneSimulator.Build.0 = Debug|Any CPU
		{C9554AF1-A6C7-4C8A-8E1C-7E9C3831A675}.Release|Any CPU.ActiveCfg = Release|Any CPU
		{C9554AF1-A6C7-4C8A-8E1C-7E9C3831A675}.Release|Any CPU.Build.0 = Release|Any CPU
		{C9554AF1-A6C7-4C8A-8E1C-7E9C3831A675}.Release|iPhone.ActiveCfg = Release|Any CPU
		{C9554AF1-A6C7-4C8A-8E1C-7E9C3831A675}.Release|iPhone.Build.0 = Release|Any CPU
		{C9554AF1-A6C7-4C8A-8E1C-7E9C3831A675}.Release|iPhoneSimulator.ActiveCfg = Release|Any CPU
		{C9554AF1-A6C7-4C8A-8E1C-7E9C3831A675}.Release|iPhoneSimulator.Build.0 = Release|Any CPU
		{860D263D-7650-4867-85C8-6EC5A3945864}.Debug|Any CPU.ActiveCfg = Debug|Any CPU
		{860D263D-7650-4867-85C8-6EC5A3945864}.Debug|iPhone.ActiveCfg = Debug|Any CPU
		{860D263D-7650-4867-85C8-6EC5A3945864}.Debug|iPhone.Build.0 = Debug|Any CPU
		{860D263D-7650-4867-85C8-6EC5A3945864}.Debug|iPhoneSimulator.ActiveCfg = Debug|Any CPU
		{860D263D-7650-4867-85C8-6EC5A3945864}.Debug|iPhoneSimulator.Build.0 = Debug|Any CPU
		{860D263D-7650-4867-85C8-6EC5A3945864}.Release|Any CPU.ActiveCfg = Release|Any CPU
		{860D263D-7650-4867-85C8-6EC5A3945864}.Release|iPhone.ActiveCfg = Release|Any CPU
		{860D263D-7650-4867-85C8-6EC5A3945864}.Release|iPhone.Build.0 = Release|Any CPU
		{860D263D-7650-4867-85C8-6EC5A3945864}.Release|iPhoneSimulator.ActiveCfg = Release|Any CPU
		{860D263D-7650-4867-85C8-6EC5A3945864}.Release|iPhoneSimulator.Build.0 = Release|Any CPU
		{5CFC3020-B03B-40E7-B23C-5C91E36A0EF5}.Debug|Any CPU.ActiveCfg = Debug|Any CPU
		{5CFC3020-B03B-40E7-B23C-5C91E36A0EF5}.Debug|Any CPU.Build.0 = Debug|Any CPU
		{5CFC3020-B03B-40E7-B23C-5C91E36A0EF5}.Debug|iPhone.ActiveCfg = Debug|Any CPU
		{5CFC3020-B03B-40E7-B23C-5C91E36A0EF5}.Debug|iPhone.Build.0 = Debug|Any CPU
		{5CFC3020-B03B-40E7-B23C-5C91E36A0EF5}.Debug|iPhoneSimulator.ActiveCfg = Debug|Any CPU
		{5CFC3020-B03B-40E7-B23C-5C91E36A0EF5}.Debug|iPhoneSimulator.Build.0 = Debug|Any CPU
		{5CFC3020-B03B-40E7-B23C-5C91E36A0EF5}.Release|Any CPU.ActiveCfg = Release|Any CPU
		{5CFC3020-B03B-40E7-B23C-5C91E36A0EF5}.Release|Any CPU.Build.0 = Release|Any CPU
		{5CFC3020-B03B-40E7-B23C-5C91E36A0EF5}.Release|iPhone.ActiveCfg = Release|Any CPU
		{5CFC3020-B03B-40E7-B23C-5C91E36A0EF5}.Release|iPhone.Build.0 = Release|Any CPU
		{5CFC3020-B03B-40E7-B23C-5C91E36A0EF5}.Release|iPhoneSimulator.ActiveCfg = Release|Any CPU
		{5CFC3020-B03B-40E7-B23C-5C91E36A0EF5}.Release|iPhoneSimulator.Build.0 = Release|Any CPU
		{E4699A14-7F01-4BA7-B25A-5CF2B78600F3}.Debug|Any CPU.ActiveCfg = Debug|Any CPU
		{E4699A14-7F01-4BA7-B25A-5CF2B78600F3}.Debug|Any CPU.Build.0 = Debug|Any CPU
		{E4699A14-7F01-4BA7-B25A-5CF2B78600F3}.Debug|Any CPU.Deploy.0 = Debug|Any CPU
		{E4699A14-7F01-4BA7-B25A-5CF2B78600F3}.Debug|iPhone.ActiveCfg = Debug|Any CPU
		{E4699A14-7F01-4BA7-B25A-5CF2B78600F3}.Debug|iPhone.Build.0 = Debug|Any CPU
		{E4699A14-7F01-4BA7-B25A-5CF2B78600F3}.Debug|iPhone.Deploy.0 = Debug|Any CPU
		{E4699A14-7F01-4BA7-B25A-5CF2B78600F3}.Debug|iPhoneSimulator.ActiveCfg = Debug|Any CPU
		{E4699A14-7F01-4BA7-B25A-5CF2B78600F3}.Debug|iPhoneSimulator.Build.0 = Debug|Any CPU
		{E4699A14-7F01-4BA7-B25A-5CF2B78600F3}.Debug|iPhoneSimulator.Deploy.0 = Debug|Any CPU
		{E4699A14-7F01-4BA7-B25A-5CF2B78600F3}.Release|Any CPU.ActiveCfg = Release|Any CPU
		{E4699A14-7F01-4BA7-B25A-5CF2B78600F3}.Release|Any CPU.Build.0 = Release|Any CPU
		{E4699A14-7F01-4BA7-B25A-5CF2B78600F3}.Release|Any CPU.Deploy.0 = Release|Any CPU
		{E4699A14-7F01-4BA7-B25A-5CF2B78600F3}.Release|iPhone.ActiveCfg = Release|Any CPU
		{E4699A14-7F01-4BA7-B25A-5CF2B78600F3}.Release|iPhone.Build.0 = Release|Any CPU
		{E4699A14-7F01-4BA7-B25A-5CF2B78600F3}.Release|iPhone.Deploy.0 = Release|Any CPU
		{E4699A14-7F01-4BA7-B25A-5CF2B78600F3}.Release|iPhoneSimulator.ActiveCfg = Release|Any CPU
		{E4699A14-7F01-4BA7-B25A-5CF2B78600F3}.Release|iPhoneSimulator.Build.0 = Release|Any CPU
		{E4699A14-7F01-4BA7-B25A-5CF2B78600F3}.Release|iPhoneSimulator.Deploy.0 = Release|Any CPU
		{730B775A-71DF-4284-8AF9-D2E559F3285E}.Debug|Any CPU.ActiveCfg = Debug|iPhone
		{730B775A-71DF-4284-8AF9-D2E559F3285E}.Debug|iPhone.ActiveCfg = Debug|iPhone
		{730B775A-71DF-4284-8AF9-D2E559F3285E}.Debug|iPhone.Build.0 = Debug|iPhone
		{730B775A-71DF-4284-8AF9-D2E559F3285E}.Debug|iPhoneSimulator.ActiveCfg = Debug|iPhoneSimulator
		{730B775A-71DF-4284-8AF9-D2E559F3285E}.Debug|iPhoneSimulator.Build.0 = Debug|iPhoneSimulator
		{730B775A-71DF-4284-8AF9-D2E559F3285E}.Release|Any CPU.ActiveCfg = Release|iPhone
		{730B775A-71DF-4284-8AF9-D2E559F3285E}.Release|iPhone.ActiveCfg = Release|iPhone
		{730B775A-71DF-4284-8AF9-D2E559F3285E}.Release|iPhone.Build.0 = Release|iPhone
		{730B775A-71DF-4284-8AF9-D2E559F3285E}.Release|iPhoneSimulator.ActiveCfg = Release|iPhoneSimulator
		{730B775A-71DF-4284-8AF9-D2E559F3285E}.Release|iPhoneSimulator.Build.0 = Release|iPhoneSimulator
		{52125312-F884-4930-A808-974CC029DE20}.Debug|Any CPU.ActiveCfg = Debug|Any CPU
		{52125312-F884-4930-A808-974CC029DE20}.Debug|Any CPU.Build.0 = Debug|Any CPU
		{52125312-F884-4930-A808-974CC029DE20}.Debug|iPhone.ActiveCfg = Debug|Any CPU
		{52125312-F884-4930-A808-974CC029DE20}.Debug|iPhone.Build.0 = Debug|Any CPU
		{52125312-F884-4930-A808-974CC029DE20}.Debug|iPhoneSimulator.ActiveCfg = Debug|Any CPU
		{52125312-F884-4930-A808-974CC029DE20}.Debug|iPhoneSimulator.Build.0 = Debug|Any CPU
		{52125312-F884-4930-A808-974CC029DE20}.Release|Any CPU.ActiveCfg = Release|Any CPU
		{52125312-F884-4930-A808-974CC029DE20}.Release|Any CPU.Build.0 = Release|Any CPU
		{52125312-F884-4930-A808-974CC029DE20}.Release|iPhone.ActiveCfg = Release|Any CPU
		{52125312-F884-4930-A808-974CC029DE20}.Release|iPhone.Build.0 = Release|Any CPU
		{52125312-F884-4930-A808-974CC029DE20}.Release|iPhoneSimulator.ActiveCfg = Release|Any CPU
		{52125312-F884-4930-A808-974CC029DE20}.Release|iPhoneSimulator.Build.0 = Release|Any CPU
	EndGlobalSection
	GlobalSection(SolutionProperties) = preSolution
		HideSolutionNode = FALSE
	EndGlobalSection
	GlobalSection(ExtensibilityGlobals) = postSolution
		SolutionGuid = {2A868B52-3745-42CC-8231-C97836D4B8FE}
	EndGlobalSection
EndGlobal
